
Microsoft Visual Studio Solution File, Format Version 12.00
# Visual Studio Version 17
VisualStudioVersion = 17.11.35303.130
MinimumVisualStudioVersion = 10.0.40219.1
Project("{FAE04EC0-301F-11D3-BF4B-00C04F79EFBC}") = "WEBSmallProg_PWM_Lab2", "WEBSmallProg_PWM_Lab2\WEBSmallProg_PWM_Lab2.csproj", "{33A98259-4993-4D0A-B910-41BBB5FA81FF}"
EndProject
Global
	GlobalSection(SolutionConfigurationPlatforms) = preSolution
		Debug|Any CPU = Debug|Any CPU
		Release|Any CPU = Release|Any CPU
	EndGlobalSection
	GlobalSection(ProjectConfigurationPlatforms) = postSolution
		{33A98259-4993-4D0A-B910-41BBB5FA81FF}.Debug|Any CPU.ActiveCfg = Debug|Any CPU
		{33A98259-4993-4D0A-B910-41BBB5FA81FF}.Debug|Any CPU.Build.0 = Debug|Any CPU
		{33A98259-4993-4D0A-B910-41BBB5FA81FF}.Release|Any CPU.ActiveCfg = Release|Any CPU
		{33A98259-4993-4D0A-B910-41BBB5FA81FF}.Release|Any CPU.Build.0 = Release|Any CPU
	EndGlobalSection
	GlobalSection(SolutionProperties) = preSolution
		HideSolutionNode = FALSE
	EndGlobalSection
	GlobalSection(ExtensibilityGlobals) = postSolution
		SolutionGuid = {6C254856-C3EF-444E-B275-66DAAD7D0662}
	EndGlobalSection
EndGlobal
